
Microsoft Visual Studio Solution File, Format Version 12.00
# Visual Studio Version 17
VisualStudioVersion = 17.2.32526.322
MinimumVisualStudioVersion = 10.0.40219.1
Project("{FAE04EC0-301F-11D3-BF4B-00C04F79EFBC}") = "AplikasiDBTa", "AplikasiDBTa\AplikasiDBTa.csproj", "{3BD28792-2D94-4542-8F8D-0C632DB8F8EE}"
EndProject
Global
	GlobalSection(SolutionConfigurationPlatforms) = preSolution
		Debug|Any CPU = Debug|Any CPU
		Release|Any CPU = Release|Any CPU
	EndGlobalSection
	GlobalSection(ProjectConfigurationPlatforms) = postSolution
		{3BD28792-2D94-4542-8F8D-0C632DB8F8EE}.Debug|Any CPU.ActiveCfg = Debug|Any CPU
		{3BD28792-2D94-4542-8F8D-0C632DB8F8EE}.Debug|Any CPU.Build.0 = Debug|Any CPU
		{3BD28792-2D94-4542-8F8D-0C632DB8F8EE}.Release|Any CPU.ActiveCfg = Release|Any CPU
		{3BD28792-2D94-4542-8F8D-0C632DB8F8EE}.Release|Any CPU.Build.0 = Release|Any CPU
	EndGlobalSection
	GlobalSection(SolutionProperties) = preSolution
		HideSolutionNode = FALSE
	EndGlobalSection
	GlobalSection(ExtensibilityGlobals) = postSolution
		SolutionGuid = {642D17E8-8AB0-49F8-8285-3DFA3EBED8ED}
	EndGlobalSection
EndGlobal
